lockfileVersion: '9.0'

settings:
  autoInstallPeers: true
  excludeLinksFromLockfile: false

importers:

  .:
    dependencies:
      '@tty-pt/mk':
        specifier: ^0.1.18
        version: 0.1.18
      '@tty-pt/ndc':
        specifier: ^0.15.0
        version: 0.15.0(@tty-pt/mk@0.1.18)(@tty-pt/ndx@0.0.5(@tty-pt/mk@0.1.18)(@tty-pt/qmap@0.3.1(@tty-pt/mk@0.1.18)(@tty-pt/qsys@0.0.11(@tty-pt/mk@0.1.18)))(@tty-pt/qsys@0.0.11(@tty-pt/mk@0.1.18)))(@tty-pt/qmap@0.3.1(@tty-pt/mk@0.1.18)(@tty-pt/qsys@0.0.11(@tty-pt/mk@0.1.18)))(@tty-pt/qsys@0.0.11(@tty-pt/mk@0.1.18))(@xterm/addon-fit@0.10.0(@xterm/xterm@5.5.0))(@xterm/addon-web-links@0.11.0(@xterm/xterm@5.5.0))(@xterm/xterm@5.5.0)(lodash@4.17.21)
      '@tty-pt/qdb':
        specifier: ^0.4.1
        version: 0.4.1(@tty-pt/mk@0.1.18)(@tty-pt/qmap@0.3.1(@tty-pt/mk@0.1.18)(@tty-pt/qsys@0.0.11(@tty-pt/mk@0.1.18)))(@tty-pt/qsys@0.0.11(@tty-pt/mk@0.1.18))
      '@tty-pt/qmap':
        specifier: ^0.3.1
        version: 0.3.1(@tty-pt/mk@0.1.18)(@tty-pt/qsys@0.0.11(@tty-pt/mk@0.1.18))
      '@tty-pt/qsys':
        specifier: ^0.0.11
        version: 0.0.11(@tty-pt/mk@0.1.18)
      '@tty-pt/vim.css':
        specifier: ^0.0.3
        version: 0.0.3

  items/c/src/transp:
    devDependencies:
      '@tty-pt/mk':
        specifier: ^0.1.18
        version: 0.1.18
      '@tty-pt/qmap':
        specifier: ^0.2.6
        version: 0.2.6(@tty-pt/mk@0.1.18)(@tty-pt/qsys@0.0.11(@tty-pt/mk@0.1.18))
      '@tty-pt/qsys':
        specifier: ^0.0.11
        version: 0.0.11(@tty-pt/mk@0.1.18)

  items/chords/src/transp:
    devDependencies:
      '@tty-pt/mk':
        specifier: ^0.1.18
        version: 0.1.18
      '@tty-pt/qmap':
        specifier: ^0.2.6
        version: 0.2.6(@tty-pt/mk@0.1.18)(@tty-pt/qsys@0.0.11(@tty-pt/mk@0.1.18))
      '@tty-pt/qsys':
        specifier: ^0.0.11
        version: 0.0.11(@tty-pt/mk@0.1.18)

packages:

  '@tty-pt/mk@0.1.18':
    resolution: {integrity: sha512-MDM/57scZVH6+w9YuQMKjOmLPCLrZAIck+vfY3u9TxpkRMld0/0+DJlxeswxlXFgEczPQrwkedqsOzXMey0Jpg==}

  '@tty-pt/ndc@0.15.0':
    resolution: {integrity: sha512-EgFi/ev7MEEwUV+WVgEMBP2SjxWA1Nqfz7ZKBbCYGc1O5P2lbdWX1JXPmZ6E5nI0CCV04uXYHYJ669RsxgaUCA==}
    hasBin: true
    peerDependencies:
      '@tty-pt/mk': ^0.1.18
      '@tty-pt/ndx': ^0.0.5
      '@tty-pt/qmap': ^0.3.1
      '@tty-pt/qsys': ^0.0.11
      '@xterm/addon-fit': ^0.10.0
      '@xterm/addon-web-links': ^0.11.0
      '@xterm/xterm': ^5.5.0
      lodash: ^4.17.21

  '@tty-pt/ndx@0.0.5':
    resolution: {integrity: sha512-XmOhHq9vcHKHav3Ct5jmq/GEQ9hUFJP82zmB4XT8Zo6m13yrxUF1EgndJ9W59/PP/5i3pII7YNhr1sys5T7g3Q==}
    peerDependencies:
      '@tty-pt/mk': ^0.1.18
      '@tty-pt/qmap': ^0.2.5
      '@tty-pt/qsys': ^0.0.11

  '@tty-pt/qdb@0.4.1':
    resolution: {integrity: sha512-nFG1XQHFVVknLRHlyCGOpDchJDAVxniN8AB3SZUuzsJwSSL8/m/n/30Qz+jPEXXUPHBAx/5rPhOiCZ/gCDBwiA==}
    peerDependencies:
      '@tty-pt/mk': ^0.1.18
      '@tty-pt/qmap': ^0.3.0
      '@tty-pt/qsys': ^0.0.11

  '@tty-pt/qmap@0.2.6':
    resolution: {integrity: sha512-STYsmz1zPrsbUqGvTlqDinr1WXNhxqEMWJDwNy6ufmextv3Dhpm/9+IUTHe701Dcchj6R6mBxrwxKMOW3rmFFA==}
    peerDependencies:
      '@tty-pt/mk': ^0.1.18
      '@tty-pt/qsys': ^0.0.11

  '@tty-pt/qmap@0.3.1':
    resolution: {integrity: sha512-NT7+4c9tA/+sohRF1hXVlU1gJbjiRr1jS/DzvTgE4nR5uryAHY8abnSAxQvCtGiEvNe+pa6hmXEZDji7qWy7gg==}
    peerDependencies:
      '@tty-pt/mk': ^0.1.18
      '@tty-pt/qsys': ^0.0.11

  '@tty-pt/qsys@0.0.11':
    resolution: {integrity: sha512-55PgZ6/+eKvJo3boHSmOwrk+sduSIh6T5jN9lmx/4k4etTZymLQsHFfFWxzPYplAJ3U2RUh+4BMwkzVrAMpY8w==}
    peerDependencies:
      '@tty-pt/mk': ^0.1.18

  '@tty-pt/vim.css@0.0.3':
    resolution: {integrity: sha512-SqNns8Ti4jMcHvnLYESTqMj5ERLxuEYwA+dY3C/PuxnvT4AjmXB0h3Crl70s34bijsN3IzAXiZiN4fX8366lPw==}

  '@xterm/addon-fit@0.10.0':
    resolution: {integrity: sha512-UFYkDm4HUahf2lnEyHvio51TNGiLK66mqP2JoATy7hRZeXaGMRDr00JiSF7m63vR5WKATF605yEggJKsw0JpMQ==}
    peerDependencies:
      '@xterm/xterm': ^5.0.0

  '@xterm/addon-web-links@0.11.0':
    resolution: {integrity: sha512-nIHQ38pQI+a5kXnRaTgwqSHnX7KE6+4SVoceompgHL26unAxdfP6IPqUTSYPQgSwM56hsElfoNrrW5V7BUED/Q==}
    peerDependencies:
      '@xterm/xterm': ^5.0.0

  '@xterm/xterm@5.5.0':
    resolution: {integrity: sha512-hqJHYaQb5OptNunnyAnkHyM8aCjZ1MEIDTQu1iIbbTD/xops91NB5yq1ZK/dC2JDbVWtF23zUtl9JE2NqwT87A==}

  lodash@4.17.21:
    resolution: {integrity: sha512-v2kDEe57lecTulaDIuNTPy3Ry4gLGJ6Z1O3vE1krgXZNrsQ+LFTGHVxVjcXPs17LhbZVGedAJv8XZ1tvj5FvSg==}

snapshots:

  '@tty-pt/mk@0.1.18': {}

  '@tty-pt/ndc@0.15.0(@tty-pt/mk@0.1.18)(@tty-pt/ndx@0.0.5(@tty-pt/mk@0.1.18)(@tty-pt/qmap@0.3.1(@tty-pt/mk@0.1.18)(@tty-pt/qsys@0.0.11(@tty-pt/mk@0.1.18)))(@tty-pt/qsys@0.0.11(@tty-pt/mk@0.1.18)))(@tty-pt/qmap@0.3.1(@tty-pt/mk@0.1.18)(@tty-pt/qsys@0.0.11(@tty-pt/mk@0.1.18)))(@tty-pt/qsys@0.0.11(@tty-pt/mk@0.1.18))(@xterm/addon-fit@0.10.0(@xterm/xterm@5.5.0))(@xterm/addon-web-links@0.11.0(@xterm/xterm@5.5.0))(@xterm/xterm@5.5.0)(lodash@4.17.21)':
    dependencies:
      '@tty-pt/mk': 0.1.18
      '@tty-pt/ndx': 0.0.5(@tty-pt/mk@0.1.18)(@tty-pt/qmap@0.3.1(@tty-pt/mk@0.1.18)(@tty-pt/qsys@0.0.11(@tty-pt/mk@0.1.18)))(@tty-pt/qsys@0.0.11(@tty-pt/mk@0.1.18))
      '@tty-pt/qmap': 0.3.1(@tty-pt/mk@0.1.18)(@tty-pt/qsys@0.0.11(@tty-pt/mk@0.1.18))
      '@tty-pt/qsys': 0.0.11(@tty-pt/mk@0.1.18)
      '@xterm/addon-fit': 0.10.0(@xterm/xterm@5.5.0)
      '@xterm/addon-web-links': 0.11.0(@xterm/xterm@5.5.0)
      '@xterm/xterm': 5.5.0
      lodash: 4.17.21

  '@tty-pt/ndx@0.0.5(@tty-pt/mk@0.1.18)(@tty-pt/qmap@0.3.1(@tty-pt/mk@0.1.18)(@tty-pt/qsys@0.0.11(@tty-pt/mk@0.1.18)))(@tty-pt/qsys@0.0.11(@tty-pt/mk@0.1.18))':
    dependencies:
      '@tty-pt/mk': 0.1.18
      '@tty-pt/qmap': 0.3.1(@tty-pt/mk@0.1.18)(@tty-pt/qsys@0.0.11(@tty-pt/mk@0.1.18))
      '@tty-pt/qsys': 0.0.11(@tty-pt/mk@0.1.18)

  '@tty-pt/qdb@0.4.1(@tty-pt/mk@0.1.18)(@tty-pt/qmap@0.3.1(@tty-pt/mk@0.1.18)(@tty-pt/qsys@0.0.11(@tty-pt/mk@0.1.18)))(@tty-pt/qsys@0.0.11(@tty-pt/mk@0.1.18))':
    dependencies:
      '@tty-pt/mk': 0.1.18
      '@tty-pt/qmap': 0.3.1(@tty-pt/mk@0.1.18)(@tty-pt/qsys@0.0.11(@tty-pt/mk@0.1.18))
      '@tty-pt/qsys': 0.0.11(@tty-pt/mk@0.1.18)

  '@tty-pt/qmap@0.2.6(@tty-pt/mk@0.1.18)(@tty-pt/qsys@0.0.11(@tty-pt/mk@0.1.18))':
    dependencies:
      '@tty-pt/mk': 0.1.18
      '@tty-pt/qsys': 0.0.11(@tty-pt/mk@0.1.18)

  '@tty-pt/qmap@0.3.1(@tty-pt/mk@0.1.18)(@tty-pt/qsys@0.0.11(@tty-pt/mk@0.1.18))':
    dependencies:
      '@tty-pt/mk': 0.1.18
      '@tty-pt/qsys': 0.0.11(@tty-pt/mk@0.1.18)

  '@tty-pt/qsys@0.0.11(@tty-pt/mk@0.1.18)':
    dependencies:
      '@tty-pt/mk': 0.1.18

  '@tty-pt/vim.css@0.0.3': {}

  '@xterm/addon-fit@0.10.0(@xterm/xterm@5.5.0)':
    dependencies:
      '@xterm/xterm': 5.5.0

  '@xterm/addon-web-links@0.11.0(@xterm/xterm@5.5.0)':
    dependencies:
      '@xterm/xterm': 5.5.0

  '@xterm/xterm@5.5.0': {}

  lodash@4.17.21: {}
