lockfileVersion: '9.0'

settings:
  autoInstallPeers: true
  excludeLinksFromLockfile: false

importers:

  .:
    dependencies:
      '@tty-pt/qdb':
        specifier: ^0.2.6
        version: 0.2.6
      '@tty-pt/qmap':
        specifier: ^0.2.6
        version: 0.2.6(@tty-pt/mk@0.1.18)(@tty-pt/qsys@0.0.11(@tty-pt/mk@0.1.18))
      '@tty-pt/vim.css':
        specifier: ^0.0.3
        version: 0.0.3

  items/c/src/transp:
    devDependencies:
      '@tty-pt/mk':
        specifier: ^0.1.18
        version: 0.1.18
      '@tty-pt/qmap':
        specifier: ^0.2.6
        version: 0.2.6(@tty-pt/mk@0.1.18)(@tty-pt/qsys@0.0.11(@tty-pt/mk@0.1.18))
      '@tty-pt/qsys':
        specifier: ^0.0.11
        version: 0.0.11(@tty-pt/mk@0.1.18)

  items/chords/src/transp:
    devDependencies:
      '@tty-pt/mk':
        specifier: ^0.1.18
        version: 0.1.18
      '@tty-pt/qmap':
        specifier: ^0.2.6
        version: 0.2.6(@tty-pt/mk@0.1.18)(@tty-pt/qsys@0.0.11(@tty-pt/mk@0.1.18))
      '@tty-pt/qsys':
        specifier: ^0.0.11
        version: 0.0.11(@tty-pt/mk@0.1.18)

packages:

  '@tty-pt/mk@0.1.18':
    resolution: {integrity: sha512-MDM/57scZVH6+w9YuQMKjOmLPCLrZAIck+vfY3u9TxpkRMld0/0+DJlxeswxlXFgEczPQrwkedqsOzXMey0Jpg==}

  '@tty-pt/qdb@0.2.6':
    resolution: {integrity: sha512-XMucdEghjNCz8MQTKhO82gyBVsByTTKhhn3uS2vZUxuj+k/kHlcPvKvbP26USfsJysE5j8MWIz+917IeteHQ3g==}

  '@tty-pt/qmap@0.2.6':
    resolution: {integrity: sha512-STYsmz1zPrsbUqGvTlqDinr1WXNhxqEMWJDwNy6ufmextv3Dhpm/9+IUTHe701Dcchj6R6mBxrwxKMOW3rmFFA==}
    peerDependencies:
      '@tty-pt/mk': ^0.1.18
      '@tty-pt/qsys': ^0.0.11

  '@tty-pt/qsys@0.0.11':
    resolution: {integrity: sha512-55PgZ6/+eKvJo3boHSmOwrk+sduSIh6T5jN9lmx/4k4etTZymLQsHFfFWxzPYplAJ3U2RUh+4BMwkzVrAMpY8w==}
    peerDependencies:
      '@tty-pt/mk': ^0.1.18

  '@tty-pt/vim.css@0.0.3':
    resolution: {integrity: sha512-SqNns8Ti4jMcHvnLYESTqMj5ERLxuEYwA+dY3C/PuxnvT4AjmXB0h3Crl70s34bijsN3IzAXiZiN4fX8366lPw==}

snapshots:

  '@tty-pt/mk@0.1.18': {}

  '@tty-pt/qdb@0.2.6': {}

  '@tty-pt/qmap@0.2.6(@tty-pt/mk@0.1.18)(@tty-pt/qsys@0.0.11(@tty-pt/mk@0.1.18))':
    dependencies:
      '@tty-pt/mk': 0.1.18
      '@tty-pt/qsys': 0.0.11(@tty-pt/mk@0.1.18)

  '@tty-pt/qsys@0.0.11(@tty-pt/mk@0.1.18)':
    dependencies:
      '@tty-pt/mk': 0.1.18

  '@tty-pt/vim.css@0.0.3': {}
